// !$*UTF8*$!
{
	archiveVersion = 1;
	classes = {
	};
	objectVersion = 46;
	objects = {

/* Begin PBXBuildFile section */
		68A85622174B1AE8001CBA38 /* UIKit.framework in Frameworks */ = {isa = PBXBuildFile; fileRef = 68A85621174B1AE8001CBA38 /* UIKit.framework */; };
		68A85624174B1AE8001CBA38 /* Foundation.framework in Frameworks */ = {isa = PBXBuildFile; fileRef = 68A85623174B1AE8001CBA38 /* Foundation.framework */; };
		68A85626174B1AE8001CBA38 /* CoreGraphics.framework in Frameworks */ = {isa = PBXBuildFile; fileRef = 68A85625174B1AE8001CBA38 /* CoreGraphics.framework */; };
		68A8562C174B1AE8001CBA38 /* InfoPlist.strings in Resources */ = {isa = PBXBuildFile; fileRef = 68A8562A174B1AE8001CBA38 /* InfoPlist.strings */; };
		68A8562E174B1AE8001CBA38 /* main.m in Sources */ = {isa = PBXBuildFile; fileRef = 68A8562D174B1AE8001CBA38 /* main.m */; };
		68A85632174B1AE8001CBA38 /* GNMAppDelegate.m in Sources */ = {isa = PBXBuildFile; fileRef = 68A85631174B1AE8001CBA38 /* GNMAppDelegate.m */; };
		68A85634174B1AE8001CBA38 /* Default.png in Resources */ = {isa = PBXBuildFile; fileRef = 68A85633174B1AE8001CBA38 /* Default.png */; };
		68A85636174B1AE8001CBA38 /* Default@2x.png in Resources */ = {isa = PBXBuildFile; fileRef = 68A85635174B1AE8001CBA38 /* Default@2x.png */; };
		68A85638174B1AE8001CBA38 /* Default-568h@2x.png in Resources */ = {isa = PBXBuildFile; fileRef = 68A85637174B1AE8001CBA38 /* Default-568h@2x.png */; };
		68A85643174B1B4C001CBA38 /* GNMSlidingController.m in Sources */ = {isa = PBXBuildFile; fileRef = 68A85640174B1B4C001CBA38 /* GNMSlidingController.m */; };
		68A85644174B1B4C001CBA38 /* UIImage+GnomeKit.m in Sources */ = {isa = PBXBuildFile; fileRef = 68A85642174B1B4C001CBA38 /* UIImage+GnomeKit.m */; };
/* End PBXBuildFile section */

/* Begin PBXFileReference section */
		68A8561E174B1AE8001CBA38 /* Example.app */ = {isa = PBXFileReference; explicitFileType = wrapper.application; includeInIndex = 0; path = Example.app; sourceTree = BUILT_PRODUCTS_DIR; };
		68A85621174B1AE8001CBA38 /* UIKit.framework */ = {isa = PBXFileReference; lastKnownFileType = wrapper.framework; name = UIKit.framework; path = System/Library/Frameworks/UIKit.framework; sourceTree = SDKROOT; };
		68A85623174B1AE8001CBA38 /* Foundation.framework */ = {isa = PBXFileReference; lastKnownFileType = wrapper.framework; name = Foundation.framework; path = System/Library/Frameworks/Foundation.framework; sourceTree = SDKROOT; };
		68A85625174B1AE8001CBA38 /* CoreGraphics.framework */ = {isa = PBXFileReference; lastKnownFileType = wrapper.framework; name = CoreGraphics.framework; path = System/Library/Frameworks/CoreGraphics.framework; sourceTree = SDKROOT; };
		68A85629174B1AE8001CBA38 /* Info.plist */ = {isa = PBXFileReference; lastKnownFileType = text.plist.xml; path = Info.plist; sourceTree = "<group>"; };
		68A8562B174B1AE8001CBA38 /* en */ = {isa = PBXFileReference; lastKnownFileType = text.plist.strings; name = en; path = en.lproj/InfoPlist.strings; sourceTree = "<group>"; };
		68A8562D174B1AE8001CBA38 /* main.m */ = {isa = PBXFileReference; lastKnownFileType = sourcecode.c.objc; path = main.m; sourceTree = "<group>"; };
		68A8562F174B1AE8001CBA38 /* Prefix.pch */ = {isa = PBXFileReference; lastKnownFileType = sourcecode.c.h; path = Prefix.pch; sourceTree = "<group>"; };
		68A85630174B1AE8001CBA38 /* GNMAppDelegate.h */ = {isa = PBXFileReference; lastKnownFileType = sourcecode.c.h; path = GNMAppDelegate.h; sourceTree = "<group>"; };
		68A85631174B1AE8001CBA38 /* GNMAppDelegate.m */ = {isa = PBXFileReference; lastKnownFileType = sourcecode.c.objc; path = GNMAppDelegate.m; sourceTree = "<group>"; };
		68A85633174B1AE8001CBA38 /* Default.png */ = {isa = PBXFileReference; lastKnownFileType = image.png; path = Default.png; sourceTree = "<group>"; };
		68A85635174B1AE8001CBA38 /* Default@2x.png */ = {isa = PBXFileReference; lastKnownFileType = image.png; path = "Default@2x.png"; sourceTree = "<group>"; };
		68A85637174B1AE8001CBA38 /* Default-568h@2x.png */ = {isa = PBXFileReference; lastKnownFileType = image.png; path = "Default-568h@2x.png"; sourceTree = "<group>"; };
		68A8563F174B1B4C001CBA38 /* GNMSlidingController.h */ = {isa = PBXFileReference; fileEncoding = 4; lastKnownFileType = sourcecode.c.h; path = GNMSlidingController.h; sourceTree = "<group>"; };
		68A85640174B1B4C001CBA38 /* GNMSlidingController.m */ = {isa = PBXFileReference; fileEncoding = 4; lastKnownFileType = sourcecode.c.objc; path = GNMSlidingController.m; sourceTree = "<group>"; };
		68A85641174B1B4C001CBA38 /* UIImage+GnomeKit.h */ = {isa = PBXFileReference; fileEncoding = 4; lastKnownFileType = sourcecode.c.h; path = "UIImage+GnomeKit.h"; sourceTree = "<group>"; };
		68A85642174B1B4C001CBA38 /* UIImage+GnomeKit.m */ = {isa = PBXFileReference; fileEncoding = 4; lastKnownFileType = sourcecode.c.objc; path = "UIImage+GnomeKit.m"; sourceTree = "<group>"; };
/* End PBXFileReference section */

/* Begin PBXFrameworksBuildPhase section */
		68A8561B174B1AE8001CBA38 /* Frameworks */ = {
			isa = PBXFrameworksBuildPhase;
			buildActionMask = 2147483647;
			files = (
				68A85622174B1AE8001CBA38 /* UIKit.framework in Frameworks */,
				68A85624174B1AE8001CBA38 /* Foundation.framework in Frameworks */,
				68A85626174B1AE8001CBA38 /* CoreGraphics.framework in Frameworks */,
			);
			runOnlyForDeploymentPostprocessing = 0;
		};
/* End PBXFrameworksBuildPhase section */

/* Begin PBXGroup section */
		68A85615174B1AE8001CBA38 = {
			isa = PBXGroup;
			children = (
				68A8563E174B1B4C001CBA38 /* GnomeKit */,
				68A85627174B1AE8001CBA38 /* Example */,
				68A85620174B1AE8001CBA38 /* Frameworks */,
				68A8561F174B1AE8001CBA38 /* Products */,
			);
			sourceTree = "<group>";
		};
		68A8561F174B1AE8001CBA38 /* Products */ = {
			isa = PBXGroup;
			children = (
				68A8561E174B1AE8001CBA38 /* Example.app */,
			);
			name = Products;
			sourceTree = "<group>";
		};
		68A85620174B1AE8001CBA38 /* Frameworks */ = {
			isa = PBXGroup;
			children = (
				68A85621174B1AE8001CBA38 /* UIKit.framework */,
				68A85623174B1AE8001CBA38 /* Foundation.framework */,
				68A85625174B1AE8001CBA38 /* CoreGraphics.framework */,
			);
			name = Frameworks;
			sourceTree = "<group>";
		};
		68A85627174B1AE8001CBA38 /* Example */ = {
			isa = PBXGroup;
			children = (
				68A85630174B1AE8001CBA38 /* GNMAppDelegate.h */,
				68A85631174B1AE8001CBA38 /* GNMAppDelegate.m */,
				68A85628174B1AE8001CBA38 /* Supporting Files */,
			);
			path = Example;
			sourceTree = "<group>";
		};
		68A85628174B1AE8001CBA38 /* Supporting Files */ = {
			isa = PBXGroup;
			children = (
				68A85629174B1AE8001CBA38 /* Info.plist */,
				68A8562A174B1AE8001CBA38 /* InfoPlist.strings */,
				68A8562D174B1AE8001CBA38 /* main.m */,
				68A8562F174B1AE8001CBA38 /* Prefix.pch */,
				68A85633174B1AE8001CBA38 /* Default.png */,
				68A85635174B1AE8001CBA38 /* Default@2x.png */,
				68A85637174B1AE8001CBA38 /* Default-568h@2x.png */,
			);
			name = "Supporting Files";
			sourceTree = "<group>";
		};
		68A8563E174B1B4C001CBA38 /* GnomeKit */ = {
			isa = PBXGroup;
			children = (
				68A8563F174B1B4C001CBA38 /* GNMSlidingController.h */,
				68A85640174B1B4C001CBA38 /* GNMSlidingController.m */,
				68A85641174B1B4C001CBA38 /* UIImage+GnomeKit.h */,
				68A85642174B1B4C001CBA38 /* UIImage+GnomeKit.m */,
			);
			name = GnomeKit;
			path = ../GnomeKit;
			sourceTree = "<group>";
		};
/* End PBXGroup section */

/* Begin PBXNativeTarget section */
		68A8561D174B1AE8001CBA38 /* Example */ = {
			isa = PBXNativeTarget;
			buildConfigurationList = 68A8563B174B1AE8001CBA38 /* Build configuration list for PBXNativeTarget "Example" */;
			buildPhases = (
				68A8561A174B1AE8001CBA38 /* Sources */,
				68A8561B174B1AE8001CBA38 /* Frameworks */,
				68A8561C174B1AE8001CBA38 /* Resources */,
			);
			buildRules = (
			);
			dependencies = (
			);
			name = Example;
			productName = Example;
			productReference = 68A8561E174B1AE8001CBA38 /* Example.app */;
			productType = "com.apple.product-type.application";
		};
/* End PBXNativeTarget section */

/* Begin PBXProject section */
		68A85616174B1AE8001CBA38 /* Project object */ = {
			isa = PBXProject;
			attributes = {
				CLASSPREFIX = GNM;
				LastUpgradeCheck = 0460;
				ORGANIZATIONNAME = "Brandon Smith";
			};
			buildConfigurationList = 68A85619174B1AE8001CBA38 /* Build configuration list for PBXProject "Example" */;
			compatibilityVersion = "Xcode 3.2";
			developmentRegion = English;
			hasScannedForEncodings = 0;
			knownRegions = (
				en,
			);
			mainGroup = 68A85615174B1AE8001CBA38;
			productRefGroup = 68A8561F174B1AE8001CBA38 /* Products */;
			projectDirPath = "";
			projectRoot = "";
			targets = (
				68A8561D174B1AE8001CBA38 /* Example */,
			);
		};
/* End PBXProject section */

/* Begin PBXResourcesBuildPhase section */
		68A8561C174B1AE8001CBA38 /* Resources */ = {
			isa = PBXResourcesBuildPhase;
			buildActionMask = 2147483647;
			files = (
				68A8562C174B1AE8001CBA38 /* InfoPlist.strings in Resources */,
				68A85634174B1AE8001CBA38 /* Default.png in Resources */,
				68A85636174B1AE8001CBA38 /* Default@2x.png in Resources */,
				68A85638174B1AE8001CBA38 /* Default-568h@2x.png in Resources */,
			);
			runOnlyForDeploymentPostprocessing = 0;
		};
/* End PBXResourcesBuildPhase section */

/* Begin PBXSourcesBuildPhase section */
		68A8561A174B1AE8001CBA38 /* Sources */ = {
			isa = PBXSourcesBuildPhase;
			buildActionMask = 2147483647;
			files = (
				68A8562E174B1AE8001CBA38 /* main.m in Sources */,
				68A85632174B1AE8001CBA38 /* GNMAppDelegate.m in Sources */,
				68A85643174B1B4C001CBA38 /* GNMSlidingController.m in Sources */,
				68A85644174B1B4C001CBA38 /* UIImage+GnomeKit.m in Sources */,
			);
			runOnlyForDeploymentPostprocessing = 0;
		};
/* End PBXSourcesBuildPhase section */

/* Begin PBXVariantGroup section */
		68A8562A174B1AE8001CBA38 /* InfoPlist.strings */ = {
			isa = PBXVariantGroup;
			children = (
				68A8562B174B1AE8001CBA38 /* en */,
			);
			name = InfoPlist.strings;
			sourceTree = "<group>";
		};
/* End PBXVariantGroup section */

/* Begin XCBuildConfiguration section */
		68A85639174B1AE8001CBA38 /* Debug */ = {
			isa = XCBuildConfiguration;
			buildSettings = {
				ALWAYS_SEARCH_USER_PATHS = NO;
				CLANG_CXX_LANGUAGE_STANDARD = "gnu++0x";
				CLANG_CXX_LIBRARY = "libc++";
				CLANG_ENABLE_OBJC_ARC = YES;
				CLANG_WARN_CONSTANT_CONVERSION = YES;
				CLANG_WARN_EMPTY_BODY = YES;
				CLANG_WARN_ENUM_CONVERSION = YES;
				CLANG_WARN_INT_CONVERSION = YES;
				CLANG_WARN__DUPLICATE_METHOD_MATCH = YES;
				"CODE_SIGN_IDENTITY[sdk=iphoneos*]" = "iPhone Developer";
				COPY_PHASE_STRIP = NO;
				GCC_C_LANGUAGE_STANDARD = gnu99;
				GCC_DYNAMIC_NO_PIC = NO;
				GCC_OPTIMIZATION_LEVEL = 0;
				GCC_PREPROCESSOR_DEFINITIONS = (
					"DEBUG=1",
					"$(inherited)",
				);
				GCC_SYMBOLS_PRIVATE_EXTERN = NO;
				GCC_WARN_ABOUT_RETURN_TYPE = YES;
				GCC_WARN_UNINITIALIZED_AUTOS = YES;
				GCC_WARN_UNUSED_VARIABLE = YES;
				IPHONEOS_DEPLOYMENT_TARGET = 6.1;
				ONLY_ACTIVE_ARCH = YES;
				SDKROOT = iphoneos;
				TARGETED_DEVICE_FAMILY = "1,2";
			};
			name = Debug;
		};
		68A8563A174B1AE8001CBA38 /* Release */ = {
			isa = XCBuildConfiguration;
			buildSettings = {
				ALWAYS_SEARCH_USER_PATHS = NO;
				CLANG_CXX_LANGUAGE_STANDARD = "gnu++0x";
				CLANG_CXX_LIBRARY = "libc++";
				CLANG_ENABLE_OBJC_ARC = YES;
				CLANG_WARN_CONSTANT_CONVERSION = YES;
				CLANG_WARN_EMPTY_BODY = YES;
				CLANG_WARN_ENUM_CONVERSION = YES;
				CLANG_WARN_INT_CONVERSION = YES;
				CLANG_WARN__DUPLICATE_METHOD_MATCH = YES;
				"CODE_SIGN_IDENTITY[sdk=iphoneos*]" = "iPhone Developer";
				COPY_PHASE_STRIP = YES;
				GCC_C_LANGUAGE_STANDARD = gnu99;
				GCC_WARN_ABOUT_RETURN_TYPE = YES;
				GCC_WARN_UNINITIALIZED_AUTOS = YES;
				GCC_WARN_UNUSED_VARIABLE = YES;
				IPHONEOS_DEPLOYMENT_TARGET = 6.1;
				OTHER_CFLAGS = "-DNS_BLOCK_ASSERTIONS=1";
				SDKROOT = iphoneos;
				TARGETED_DEVICE_FAMILY = "1,2";
				VALIDATE_PRODUCT = YES;
			};
			name = Release;
		};
		68A8563C174B1AE8001CBA38 /* Debug */ = {
			isa = XCBuildConfiguration;
			buildSettings = {
				GCC_PRECOMPILE_PREFIX_HEADER = YES;
				GCC_PREFIX_HEADER = Example/Prefix.pch;
				INFOPLIST_FILE = Example/Info.plist;
				PRODUCT_NAME = "$(TARGET_NAME)";
				WRAPPER_EXTENSION = app;
			};
			name = Debug;
		};
		68A8563D174B1AE8001CBA38 /* Release */ = {
			isa = XCBuildConfiguration;
			buildSettings = {
				GCC_PRECOMPILE_PREFIX_HEADER = YES;
				GCC_PREFIX_HEADER = Example/Prefix.pch;
				INFOPLIST_FILE = Example/Info.plist;
				PRODUCT_NAME = "$(TARGET_NAME)";
				WRAPPER_EXTENSION = app;
			};
			name = Release;
		};
/* End XCBuildConfiguration section */

/* Begin XCConfigurationList section */
		68A85619174B1AE8001CBA38 /* Build configuration list for PBXProject "Example" */ = {
			isa = XCConfigurationList;
			buildConfigurations = (
				68A85639174B1AE8001CBA38 /* Debug */,
				68A8563A174B1AE8001CBA38 /* Release */,
			);
			defaultConfigurationIsVisible = 0;
			defaultConfigurationName = Release;
		};
		68A8563B174B1AE8001CBA38 /* Build configuration list for PBXNativeTarget "Example" */ = {
			isa = XCConfigurationList;
			buildConfigurations = (
				68A8563C174B1AE8001CBA38 /* Debug */,
				68A8563D174B1AE8001CBA38 /* Release */,
			);
			defaultConfigurationIsVisible = 0;
		};
/* End XCConfigurationList section */
	};
	rootObject = 68A85616174B1AE8001CBA38 /* Project object */;
}
